<?xml version="1.0" encoding="utf-8"?>
<Project ToolsVersion="4.0" xmlns="http://schemas.microsoft.com/developer/msbuild/2003">
  <ItemGroup>
    <ClCompile Include="main.cpp" />
    <ClCompile Include="source\Food\FoodItem.cpp" />
    <ClCompile Include="source\Food\FoodService.cpp" />
    <ClCompile Include="source\Element\ElementService.cpp" />
    <ClCompile Include="source\Element\Obstacle.cpp" />
    <ClCompile Include="source\Player\BodyPart.cpp" />
    <ClCompile Include="source\LinkedList\SingleLinkedList.cpp" />
    <ClCompile Include="source\Player\SnakeController.cpp" />
    <ClCompile Include="source\Player\PlayerService.cpp" />
    <ClCompile Include="source\Time\TimeService.cpp" />
    <ClCompile Include="source\UI\GameplayUI\GameplayUIController.cpp" />
    <ClCompile Include="source\UI\UIElement\RectangleShapeView.cpp" />
    <ClCompile Include="source\Level\LevelController.cpp" />
    <ClCompile Include="source\Level\LevelModel.cpp" />
    <ClCompile Include="source\UI\LevelSelection\LevelSelectionUIController.cpp" />
    <ClCompile Include="source\Level\LevelView.cpp" />
    <ClCompile Include="source\Level\LevelService.cpp" />
    <ClCompile Include="source\UI\Credits\CreditsScreenUIController.cpp" />
    <ClCompile Include="source\UI\Instructions\InstructionsScreenUIController.cpp" />
    <ClCompile Include="source\UI\UIElement\AnimatedImageView.cpp" />
    <ClCompile Include="source\UI\UIElement\ButtonView.cpp" />
    <ClCompile Include="source\Global\Config.cpp" />
    <ClCompile Include="source\Event\EventService.cpp" />
    <ClCompile Include="source\Main\GameService.cpp" />
    <ClCompile Include="source\Graphics\GraphicService.cpp" />
    <ClCompile Include="source\UI\UIElement\ImageView.cpp" />
    <ClCompile Include="source\UI\MainMenu\MainMenuUIController.cpp" />
    <ClCompile Include="source\Global\ServiceLocator.cpp" />
    <ClCompile Include="source\Sound\SoundService.cpp" />
    <ClCompile Include="source\UI\SplashScreen\SplashScreenUIController.cpp" />
    <ClCompile Include="source\UI\UIElement\TextView.cpp" />
    <ClCompile Include="source\UI\UIService.cpp" />
    <ClCompile Include="source\UI\UIElement\UIView.cpp" />
  </ItemGroup>
  <ItemGroup>
    <ClCompile Include="main.cpp">
      <Filter>Source Files</Filter>
    </ClCompile>
    <ClCompile Include="source\Main\GameService.cpp">
      <Filter>Source Files</Filter>
    </ClCompile>
    <ClCompile Include="source\Global\ServiceLocator.cpp">
      <Filter>Source Files</Filter>
    </ClCompile>
    <ClCompile Include="source\Graphics\GraphicService.cpp">
      <Filter>Source Files</Filter>
    </ClCompile>
    <ClCompile Include="source\Sound\SoundService.cpp">
      <Filter>Source Files</Filter>
    </ClCompile>
    <ClCompile Include="source\Event\EventService.cpp">
      <Filter>Source Files</Filter>
    </ClCompile>
    <ClCompile Include="source\UI\UIService.cpp">
      <Filter>Source Files</Filter>
    </ClCompile>
    <ClCompile Include="source\UI\SplashScreen\SplashScreenUIController.cpp">
      <Filter>Source Files</Filter>
    </ClCompile>
    <ClCompile Include="source\UI\MainMenu\MainMenuUIController.cpp">
      <Filter>Source Files</Filter>
    </ClCompile>
    <ClCompile Include="source\UI\UIElement\AnimatedImageView.cpp">
      <Filter>Source Files</Filter>
    </ClCompile>
    <ClCompile Include="source\UI\UIElement\ButtonView.cpp">
      <Filter>Source Files</Filter>
    </ClCompile>
    <ClCompile Include="source\Global\Config.cpp">
      <Filter>Source Files</Filter>
    </ClCompile>
    <ClCompile Include="source\UI\UIElement\ImageView.cpp">
      <Filter>Source Files</Filter>
    </ClCompile>
    <ClCompile Include="source\UI\UIElement\TextView.cpp">
      <Filter>Source Files</Filter>
    </ClCompile>
    <ClCompile Include="source\UI\UIElement\UIView.cpp">
      <Filter>Source Files</Filter>
    </ClCompile>
    <ClCompile Include="source\Food\FoodItem.cpp">
      <Filter>Source Files</Filter>
    </ClCompile>
    <ClCompile Include="source\Food\FoodService.cpp">
      <Filter>Source Files</Filter>
    </ClCompile>
    <ClCompile Include="source\Player\PlayerService.cpp">
      <Filter>Source Files</Filter>
    </ClCompile>
    <ClCompile Include="source\Time\TimeService.cpp">
      <Filter>Source Files</Filter>
    </ClCompile>
    <ClCompile Include="source\Element\Obstacle.cpp">
      <Filter>Source Files</Filter>
    </ClCompile>
    <ClCompile Include="source\UI\GameplayUI\GameplayUIController.cpp">
      <Filter>Source Files</Filter>
    </ClCompile>
    <ClCompile Include="source\UI\UIElement\RectangleShapeView.cpp">
      <Filter>Source Files</Filter>
    </ClCompile>
    <ClCompile Include="source\Element\ElementService.cpp">
      <Filter>Source Files</Filter>
    </ClCompile>
    <ClCompile Include="source\Level\LevelController.cpp">
      <Filter>Source Files</Filter>
    </ClCompile>
    <ClCompile Include="source\Level\LevelModel.cpp">
      <Filter>Source Files</Filter>
    </ClCompile>
    <ClCompile Include="source\UI\LevelSelection\LevelSelectionUIController.cpp">
      <Filter>Source Files</Filter>
    </ClCompile>
    <ClCompile Include="source\Level\LevelView.cpp">
      <Filter>Source Files</Filter>
    </ClCompile>
    <ClCompile Include="source\Level\LevelService.cpp">
    <ClCompile Include="source\LevelModel.cpp">
    <ClCompile Include="source\UI\Credits\CreditsScreenUIController.cpp">
      <Filter>Source Files</Filter>
    </ClCompile>
    <ClCompile Include="source\UI\Instructions\InstructionsScreenUIController.cpp">
      <Filter>Source Files</Filter>
    </ClCompile>
    <ClCompile Include="source\LinkedListLib\DoubleLinked\DoubleLinkedList.cpp">
      <Filter>Source Files</Filter>
    </ClCompile>
    <ClCompile Include="source\UI\LinkedListUI\LinkedListSelectionUIController.cpp">
      <Filter>Source Files</Filter>
    </ClCompile>
    <ClCompile Include="source\LinkedListLib\LinkedList.cpp">
      <Filter>Source Files</Filter>
    </ClCompile>
    <ClCompile Include="source\LinkedListLib\SingleLinked\SingleLinkedList.cpp">
      <Filter>Source Files</Filter>
    </ClCompile>
    <ClCompile Include="source\Player\SnakeController.cpp">
      <Filter>Source Files</Filter>
    </ClCompile>
    <ClCompile Include="source\Player\BodyPart.cpp">
      <Filter>Source Files</Filter>
    </ClCompile>
  </ItemGroup>
  <ItemGroup>
    <ClInclude Include="include\Main\GameService.h">
      <Filter>Header Files</Filter>
    </ClInclude>
    <ClInclude Include="include\Global\ServiceLocator.h">
      <Filter>Header Files</Filter>
    </ClInclude>
    <ClInclude Include="include\Graphics\GraphicService.h">
      <Filter>Header Files</Filter>
    </ClInclude>
    <ClInclude Include="include\Sound\SoundService.h">
      <Filter>Header Files</Filter>
    </ClInclude>
    <ClInclude Include="include\Event\EventService.h">
      <Filter>Header Files</Filter>
    </ClInclude>
    <ClInclude Include="include\UI\UIService.h">
      <Filter>Header Files</Filter>
    </ClInclude>
    <ClInclude Include="include\UI\Interface\IUIController.h">
      <Filter>Header Files</Filter>
    </ClInclude>
    <ClInclude Include="include\UI\SplashScreen\SplashScreenUIController.h">
      <Filter>Header Files</Filter>
    </ClInclude>
    <ClInclude Include="include\UI\MainMenu\MainMenuUIController.h">
      <Filter>Header Files</Filter>
    </ClInclude>
    <ClInclude Include="include\UI\UIElement\AnimatedImageView.h">
      <Filter>Header Files</Filter>
    </ClInclude>
    <ClInclude Include="include\UI\UIElement\ButtonView.h">
      <Filter>Header Files</Filter>
    </ClInclude>
    <ClInclude Include="include\Global\Config.h">
      <Filter>Header Files</Filter>
    </ClInclude>
    <ClInclude Include="include\UI\UIElement\ImageView.h">
      <Filter>Header Files</Filter>
    </ClInclude>
    <ClInclude Include="include\UI\UIElement\TextView.h">
      <Filter>Header Files</Filter>
    </ClInclude>
    <ClInclude Include="include\UI\UIElement\UIView.h">
      <Filter>Header Files</Filter>
    </ClInclude>
    <ClInclude Include="include\Food\FoodItem.h">
      <Filter>Header Files</Filter>
    </ClInclude>
    <ClInclude Include="include\Food\FoodService.h">
      <Filter>Header Files</Filter>
    </ClInclude>
    <ClInclude Include="include\Food\FoodType.h">
      <Filter>Header Files</Filter>
    </ClInclude>
    <ClInclude Include="include\Player\PlayerService.h">
      <Filter>Header Files</Filter>
    </ClInclude>
    <ClInclude Include="include\Time\TimeService.h">
      <Filter>Header Files</Filter>
    </ClInclude>
    <ClInclude Include="include\Element\ElementService.h">
      <Filter>Header Files</Filter>
    </ClInclude>
    <ClInclude Include="include\Element\ElementData.h">
      <Filter>Header Files</Filter>
    </ClInclude>
    <ClInclude Include="include\Level\LevelController.h">
      <Filter>Header Files</Filter>
    </ClInclude>
    <ClInclude Include="include\Level\LevelData.h">
      <Filter>Header Files</Filter>
    </ClInclude>
    <ClInclude Include="include\Level\LevelModel.h">
      <Filter>Header Files</Filter>
    </ClInclude>
    <ClInclude Include="include\UI\LevelSelection\LevelSelectionUIController.h">
      <Filter>Header Files</Filter>
    </ClInclude>
    <ClInclude Include="include\Level\LevelView.h">
      <Filter>Header Files</Filter>
    </ClInclude>
    <ClInclude Include="include\Level\LevelService.h">
      <Filter>Header Files</Filter>
    </ClInclude>
    <ClInclude Include="include\Element\Obstacle.h">
      <Filter>Header Files</Filter>
    </ClInclude>
    <ClInclude Include="include\UI\UIElement\RectangleShapeView.h">
    <ClInclude Include="header\LevelModel.h">
    <ClInclude Include="include\UI\Credits\CreditsScreenUIController.h">
      <Filter>Header Files</Filter>
    </ClInclude>
    <ClInclude Include="include\UI\Instructions\InstructionsScreenUIController.h">
      <Filter>Header Files</Filter>
    </ClInclude>
    <ClInclude Include="include\UI\GameplayUI\GameplayUIController.h">
      <Filter>Header Files</Filter>
    </ClInclude>
    <ClInclude Include="include\LinkedListLib\DoubleLinked\DoubleLinkedList.h">
      <Filter>Header Files</Filter>
    </ClInclude>
    <ClInclude Include="include\LinkedListLib\DoubleLinked\DoubleNode.h">
      <Filter>Header Files</Filter>
    </ClInclude>
    <ClInclude Include="include\UI\LinkedListUI\LinkedListSelectionUIController.h">
      <Filter>Header Files</Filter>
    </ClInclude>
    <ClInclude Include="include\LinkedListLib\LinkedList.h">
      <Filter>Header Files</Filter>
    </ClInclude>
    <ClInclude Include="include\LinkedListLib\SingleLinked\SingleNode.h">
      <Filter>Header Files</Filter>
    </ClInclude>
    <ClInclude Include="include\LinkedListLib\Node.h">
      <Filter>Header Files</Filter>
    </ClInclude>
    <ClInclude Include="include\LinkedListLib\SingleLinked\SingleLinkedList.h">
      <Filter>Header Files</Filter>
    </ClInclude>
    <ClInclude Include="include\Level\LevelConfig.h">
      <Filter>Header Files</Filter>
    </ClInclude>
    <ClInclude Include="include\Player\BodyPart.h">
      <Filter>Header Files</Filter>
    </ClInclude>
    <ClInclude Include="include\Player\SnakeController.h">
      <Filter>Header Files</Filter>
    </ClInclude>
  </ItemGroup>
</Project>